
Microsoft Visual Studio Solution File, Format Version 12.00
# Visual Studio Version 16
VisualStudioVersion = 16.0.29609.76
MinimumVisualStudioVersion = 10.0.40219.1
Project("{2150E333-8FDC-42A3-9474-1A3956D46DE8}") = "Host", "Host", "{4DF2235E-C063-48ED-A487-9955EE605F50}"
EndProject
Project("{9A19103F-16F7-4668-BE54-9A1E7A4F7556}") = "GameSociation.WebApi", "src\GameSociation.WebApi\GameSociation.WebApi.csproj", "{377C5329-5DE8-4629-B467-4D04E29F2E60}"
EndProject
Project("{2150E333-8FDC-42A3-9474-1A3956D46DE8}") = "Common", "Common", "{45A1C9FD-7618-44A3-A807-80A25AB88DF4}"
EndProject
Project("{9A19103F-16F7-4668-BE54-9A1E7A4F7556}") = "Common.Domain", "src\Common.Domain\Common.Domain.csproj", "{50B231DD-969E-408A-A57E-C3949C065C64}"
EndProject
Project("{9A19103F-16F7-4668-BE54-9A1E7A4F7556}") = "Common.Application", "src\Common.Application\Common.Application.csproj", "{CE00DE49-21B1-4467-9A81-C5C8E80B7D71}"
EndProject
Project("{2150E333-8FDC-42A3-9474-1A3956D46DE8}") = "Libraries", "Libraries", "{4D9D757D-3E6F-482F-AE0A-E2517388642A}"
EndProject
Project("{2150E333-8FDC-42A3-9474-1A3956D46DE8}") = "Account", "Account", "{9D74C709-F1DC-4752-9220-5829BCD65355}"
EndProject
Project("{9A19103F-16F7-4668-BE54-9A1E7A4F7556}") = "Account.Domain", "src\Account.Domain\Account.Domain.csproj", "{E2C20097-3647-40D9-83D5-1A9D5ADE5D84}"
EndProject
Project("{9A19103F-16F7-4668-BE54-9A1E7A4F7556}") = "Account.Application", "src\Account.Application\Account.Application.csproj", "{8156CCB6-9010-474D-ADB9-B3D3954EF1D4}"
EndProject
Project("{9A19103F-16F7-4668-BE54-9A1E7A4F7556}") = "Account.Infrastructure", "src\Account.Infrastructure\Account.Infrastructure.csproj", "{A5F8853F-E002-42A1-B1D6-3D64654F2B88}"
EndProject
Project("{9A19103F-16F7-4668-BE54-9A1E7A4F7556}") = "Common.Infrastructure", "src\Common.Infrastructure\Common.Infrastructure.csproj", "{0A18D62D-F3B1-46FD-B8A4-E374BC379349}"
EndProject
Project("{2150E333-8FDC-42A3-9474-1A3956D46DE8}") = "Association", "Association", "{56685441-73A6-4CDD-ACBA-CACC7161180F}"
EndProject
Project("{9A19103F-16F7-4668-BE54-9A1E7A4F7556}") = "Association.Domain", "src\Association.Domain\Association.Domain.csproj", "{14BB5C97-E2EA-411A-981B-FE4EB4FE1D4D}"
EndProject
Project("{9A19103F-16F7-4668-BE54-9A1E7A4F7556}") = "Association.Application", "src\Association.Application\Association.Application.csproj", "{1AEDDE5B-3C1E-4321-B77F-59286542BDE2}"
EndProject
Project("{9A19103F-16F7-4668-BE54-9A1E7A4F7556}") = "Association.Infrastructure", "src\Association.Infrastructure\Association.Infrastructure.csproj", "{A60AAD56-53B7-44F2-AC81-7F42B66112B2}"
EndProject
Project("{FAE04EC0-301F-11D3-BF4B-00C04F79EFBC}") = "Library.MartenEventStore", "src\Library.MartenEventStore\Library.MartenEventStore.csproj", "{D3B61364-A25E-4232-A9E1-75764C6FCCBC}"
EndProject
Global
	GlobalSection(SolutionConfigurationPlatforms) = preSolution
		Debug|Any CPU = Debug|Any CPU
		Debug|x64 = Debug|x64
		Release|Any CPU = Release|Any CPU
		Release|x64 = Release|x64
	EndGlobalSection
	GlobalSection(ProjectConfigurationPlatforms) = postSolution
		{377C5329-5DE8-4629-B467-4D04E29F2E60}.Debug|Any CPU.ActiveCfg = Debug|Any CPU
		{377C5329-5DE8-4629-B467-4D04E29F2E60}.Debug|Any CPU.Build.0 = Debug|Any CPU
		{377C5329-5DE8-4629-B467-4D04E29F2E60}.Debug|x64.ActiveCfg = Debug|x64
		{377C5329-5DE8-4629-B467-4D04E29F2E60}.Debug|x64.Build.0 = Debug|x64
		{377C5329-5DE8-4629-B467-4D04E29F2E60}.Release|Any CPU.ActiveCfg = Release|Any CPU
		{377C5329-5DE8-4629-B467-4D04E29F2E60}.Release|Any CPU.Build.0 = Release|Any CPU
		{377C5329-5DE8-4629-B467-4D04E29F2E60}.Release|x64.ActiveCfg = Release|x64
		{377C5329-5DE8-4629-B467-4D04E29F2E60}.Release|x64.Build.0 = Release|x64
		{50B231DD-969E-408A-A57E-C3949C065C64}.Debug|Any CPU.ActiveCfg = Debug|Any CPU
		{50B231DD-969E-408A-A57E-C3949C065C64}.Debug|Any CPU.Build.0 = Debug|Any CPU
		{50B231DD-969E-408A-A57E-C3949C065C64}.Debug|x64.ActiveCfg = Debug|Any CPU
		{50B231DD-969E-408A-A57E-C3949C065C64}.Debug|x64.Build.0 = Debug|Any CPU
		{50B231DD-969E-408A-A57E-C3949C065C64}.Release|Any CPU.ActiveCfg = Release|Any CPU
		{50B231DD-969E-408A-A57E-C3949C065C64}.Release|Any CPU.Build.0 = Release|Any CPU
		{50B231DD-969E-408A-A57E-C3949C065C64}.Release|x64.ActiveCfg = Release|Any CPU
		{50B231DD-969E-408A-A57E-C3949C065C64}.Release|x64.Build.0 = Release|Any CPU
		{CE00DE49-21B1-4467-9A81-C5C8E80B7D71}.Debug|Any CPU.ActiveCfg = Debug|Any CPU
		{CE00DE49-21B1-4467-9A81-C5C8E80B7D71}.Debug|Any CPU.Build.0 = Debug|Any CPU
		{CE00DE49-21B1-4467-9A81-C5C8E80B7D71}.Debug|x64.ActiveCfg = Debug|Any CPU
		{CE00DE49-21B1-4467-9A81-C5C8E80B7D71}.Debug|x64.Build.0 = Debug|Any CPU
		{CE00DE49-21B1-4467-9A81-C5C8E80B7D71}.Release|Any CPU.ActiveCfg = Release|Any CPU
		{CE00DE49-21B1-4467-9A81-C5C8E80B7D71}.Release|Any CPU.Build.0 = Release|Any CPU
		{CE00DE49-21B1-4467-9A81-C5C8E80B7D71}.Release|x64.ActiveCfg = Release|Any CPU
		{CE00DE49-21B1-4467-9A81-C5C8E80B7D71}.Release|x64.Build.0 = Release|Any CPU
		{E2C20097-3647-40D9-83D5-1A9D5ADE5D84}.Debug|Any CPU.ActiveCfg = Debug|Any CPU
		{E2C20097-3647-40D9-83D5-1A9D5ADE5D84}.Debug|Any CPU.Build.0 = Debug|Any CPU
		{E2C20097-3647-40D9-83D5-1A9D5ADE5D84}.Debug|x64.ActiveCfg = Debug|Any CPU
		{E2C20097-3647-40D9-83D5-1A9D5ADE5D84}.Debug|x64.Build.0 = Debug|Any CPU
		{E2C20097-3647-40D9-83D5-1A9D5ADE5D84}.Release|Any CPU.ActiveCfg = Release|Any CPU
		{E2C20097-3647-40D9-83D5-1A9D5ADE5D84}.Release|Any CPU.Build.0 = Release|Any CPU
		{E2C20097-3647-40D9-83D5-1A9D5ADE5D84}.Release|x64.ActiveCfg = Release|Any CPU
		{E2C20097-3647-40D9-83D5-1A9D5ADE5D84}.Release|x64.Build.0 = Release|Any CPU
		{8156CCB6-9010-474D-ADB9-B3D3954EF1D4}.Debug|Any CPU.ActiveCfg = Debug|Any CPU
		{8156CCB6-9010-474D-ADB9-B3D3954EF1D4}.Debug|Any CPU.Build.0 = Debug|Any CPU
		{8156CCB6-9010-474D-ADB9-B3D3954EF1D4}.Debug|x64.ActiveCfg = Debug|Any CPU
		{8156CCB6-9010-474D-ADB9-B3D3954EF1D4}.Debug|x64.Build.0 = Debug|Any CPU
		{8156CCB6-9010-474D-ADB9-B3D3954EF1D4}.Release|Any CPU.ActiveCfg = Release|Any CPU
		{8156CCB6-9010-474D-ADB9-B3D3954EF1D4}.Release|Any CPU.Build.0 = Release|Any CPU
		{8156CCB6-9010-474D-ADB9-B3D3954EF1D4}.Release|x64.ActiveCfg = Release|Any CPU
		{8156CCB6-9010-474D-ADB9-B3D3954EF1D4}.Release|x64.Build.0 = Release|Any CPU
		{A5F8853F-E002-42A1-B1D6-3D64654F2B88}.Debug|Any CPU.ActiveCfg = Debug|Any CPU
		{A5F8853F-E002-42A1-B1D6-3D64654F2B88}.Debug|Any CPU.Build.0 = Debug|Any CPU
		{A5F8853F-E002-42A1-B1D6-3D64654F2B88}.Debug|x64.ActiveCfg = Debug|Any CPU
		{A5F8853F-E002-42A1-B1D6-3D64654F2B88}.Debug|x64.Build.0 = Debug|Any CPU
		{A5F8853F-E002-42A1-B1D6-3D64654F2B88}.Release|Any CPU.ActiveCfg = Release|Any CPU
		{A5F8853F-E002-42A1-B1D6-3D64654F2B88}.Release|Any CPU.Build.0 = Release|Any CPU
		{A5F8853F-E002-42A1-B1D6-3D64654F2B88}.Release|x64.ActiveCfg = Release|Any CPU
		{A5F8853F-E002-42A1-B1D6-3D64654F2B88}.Release|x64.Build.0 = Release|Any CPU
		{0A18D62D-F3B1-46FD-B8A4-E374BC379349}.Debug|Any CPU.ActiveCfg = Debug|Any CPU
		{0A18D62D-F3B1-46FD-B8A4-E374BC379349}.Debug|Any CPU.Build.0 = Debug|Any CPU
		{0A18D62D-F3B1-46FD-B8A4-E374BC379349}.Debug|x64.ActiveCfg = Debug|Any CPU
		{0A18D62D-F3B1-46FD-B8A4-E374BC379349}.Debug|x64.Build.0 = Debug|Any CPU
		{0A18D62D-F3B1-46FD-B8A4-E374BC379349}.Release|Any CPU.ActiveCfg = Release|Any CPU
		{0A18D62D-F3B1-46FD-B8A4-E374BC379349}.Release|Any CPU.Build.0 = Release|Any CPU
		{0A18D62D-F3B1-46FD-B8A4-E374BC379349}.Release|x64.ActiveCfg = Release|Any CPU
		{0A18D62D-F3B1-46FD-B8A4-E374BC379349}.Release|x64.Build.0 = Release|Any CPU
		{14BB5C97-E2EA-411A-981B-FE4EB4FE1D4D}.Debug|Any CPU.ActiveCfg = Debug|Any CPU
		{14BB5C97-E2EA-411A-981B-FE4EB4FE1D4D}.Debug|Any CPU.Build.0 = Debug|Any CPU
		{14BB5C97-E2EA-411A-981B-FE4EB4FE1D4D}.Debug|x64.ActiveCfg = Debug|Any CPU
		{14BB5C97-E2EA-411A-981B-FE4EB4FE1D4D}.Debug|x64.Build.0 = Debug|Any CPU
		{14BB5C97-E2EA-411A-981B-FE4EB4FE1D4D}.Release|Any CPU.ActiveCfg = Release|Any CPU
		{14BB5C97-E2EA-411A-981B-FE4EB4FE1D4D}.Release|Any CPU.Build.0 = Release|Any CPU
		{14BB5C97-E2EA-411A-981B-FE4EB4FE1D4D}.Release|x64.ActiveCfg = Release|Any CPU
		{14BB5C97-E2EA-411A-981B-FE4EB4FE1D4D}.Release|x64.Build.0 = Release|Any CPU
		{1AEDDE5B-3C1E-4321-B77F-59286542BDE2}.Debug|Any CPU.ActiveCfg = Debug|Any CPU
		{1AEDDE5B-3C1E-4321-B77F-59286542BDE2}.Debug|Any CPU.Build.0 = Debug|Any CPU
		{1AEDDE5B-3C1E-4321-B77F-59286542BDE2}.Debug|x64.ActiveCfg = Debug|Any CPU
		{1AEDDE5B-3C1E-4321-B77F-59286542BDE2}.Debug|x64.Build.0 = Debug|Any CPU
		{1AEDDE5B-3C1E-4321-B77F-59286542BDE2}.Release|Any CPU.ActiveCfg = Release|Any CPU
		{1AEDDE5B-3C1E-4321-B77F-59286542BDE2}.Release|Any CPU.Build.0 = Release|Any CPU
		{1AEDDE5B-3C1E-4321-B77F-59286542BDE2}.Release|x64.ActiveCfg = Release|Any CPU
		{1AEDDE5B-3C1E-4321-B77F-59286542BDE2}.Release|x64.Build.0 = Release|Any CPU
		{A60AAD56-53B7-44F2-AC81-7F42B66112B2}.Debug|Any CPU.ActiveCfg = Debug|Any CPU
		{A60AAD56-53B7-44F2-AC81-7F42B66112B2}.Debug|Any CPU.Build.0 = Debug|Any CPU
		{A60AAD56-53B7-44F2-AC81-7F42B66112B2}.Debug|x64.ActiveCfg = Debug|Any CPU
		{A60AAD56-53B7-44F2-AC81-7F42B66112B2}.Debug|x64.Build.0 = Debug|Any CPU
		{A60AAD56-53B7-44F2-AC81-7F42B66112B2}.Release|Any CPU.ActiveCfg = Release|Any CPU
		{A60AAD56-53B7-44F2-AC81-7F42B66112B2}.Release|Any CPU.Build.0 = Release|Any CPU
		{A60AAD56-53B7-44F2-AC81-7F42B66112B2}.Release|x64.ActiveCfg = Release|Any CPU
		{A60AAD56-53B7-44F2-AC81-7F42B66112B2}.Release|x64.Build.0 = Release|Any CPU
		{D3B61364-A25E-4232-A9E1-75764C6FCCBC}.Debug|Any CPU.ActiveCfg = Debug|Any CPU
		{D3B61364-A25E-4232-A9E1-75764C6FCCBC}.Debug|Any CPU.Build.0 = Debug|Any CPU
		{D3B61364-A25E-4232-A9E1-75764C6FCCBC}.Debug|x64.ActiveCfg = Debug|Any CPU
		{D3B61364-A25E-4232-A9E1-75764C6FCCBC}.Debug|x64.Build.0 = Debug|Any CPU
		{D3B61364-A25E-4232-A9E1-75764C6FCCBC}.Release|Any CPU.ActiveCfg = Release|Any CPU
		{D3B61364-A25E-4232-A9E1-75764C6FCCBC}.Release|Any CPU.Build.0 = Release|Any CPU
		{D3B61364-A25E-4232-A9E1-75764C6FCCBC}.Release|x64.ActiveCfg = Release|Any CPU
		{D3B61364-A25E-4232-A9E1-75764C6FCCBC}.Release|x64.Build.0 = Release|Any CPU
	EndGlobalSection
	GlobalSection(SolutionProperties) = preSolution
		HideSolutionNode = FALSE
	EndGlobalSection
	GlobalSection(NestedProjects) = preSolution
		{377C5329-5DE8-4629-B467-4D04E29F2E60} = {4DF2235E-C063-48ED-A487-9955EE605F50}
		{50B231DD-969E-408A-A57E-C3949C065C64} = {45A1C9FD-7618-44A3-A807-80A25AB88DF4}
		{CE00DE49-21B1-4467-9A81-C5C8E80B7D71} = {45A1C9FD-7618-44A3-A807-80A25AB88DF4}
		{E2C20097-3647-40D9-83D5-1A9D5ADE5D84} = {9D74C709-F1DC-4752-9220-5829BCD65355}
		{8156CCB6-9010-474D-ADB9-B3D3954EF1D4} = {9D74C709-F1DC-4752-9220-5829BCD65355}
		{A5F8853F-E002-42A1-B1D6-3D64654F2B88} = {9D74C709-F1DC-4752-9220-5829BCD65355}
		{0A18D62D-F3B1-46FD-B8A4-E374BC379349} = {45A1C9FD-7618-44A3-A807-80A25AB88DF4}
		{14BB5C97-E2EA-411A-981B-FE4EB4FE1D4D} = {56685441-73A6-4CDD-ACBA-CACC7161180F}
		{1AEDDE5B-3C1E-4321-B77F-59286542BDE2} = {56685441-73A6-4CDD-ACBA-CACC7161180F}
		{A60AAD56-53B7-44F2-AC81-7F42B66112B2} = {56685441-73A6-4CDD-ACBA-CACC7161180F}
		{D3B61364-A25E-4232-A9E1-75764C6FCCBC} = {4D9D757D-3E6F-482F-AE0A-E2517388642A}
	EndGlobalSection
	GlobalSection(ExtensibilityGlobals) = postSolution
		SolutionGuid = {A68D6FC0-EF41-49DF-9E70-D96144A7B812}
	EndGlobalSection
EndGlobal
